
Microsoft Visual Studio Solution File, Format Version 12.00
# Visual Studio Version 17
VisualStudioVersion = 17.6.33712.159
MinimumVisualStudioVersion = 10.0.40219.1
Project("{FAE04EC0-301F-11D3-BF4B-00C04F79EFBC}") = "HW3_ksh", "HW3_ksh.csproj", "{E3074EAB-3B45-4F01-A8B4-9F1B48A95FCC}"
EndProject
Global
	GlobalSection(SolutionConfigurationPlatforms) = preSolution
		Debug|Any CPU = Debug|Any CPU
		Release|Any CPU = Release|Any CPU
	EndGlobalSection
	GlobalSection(ProjectConfigurationPlatforms) = postSolution
		{E3074EAB-3B45-4F01-A8B4-9F1B48A95FCC}.Debug|Any CPU.ActiveCfg = Debug|Any CPU
		{E3074EAB-3B45-4F01-A8B4-9F1B48A95FCC}.Debug|Any CPU.Build.0 = Debug|Any CPU
		{E3074EAB-3B45-4F01-A8B4-9F1B48A95FCC}.Release|Any CPU.ActiveCfg = Release|Any CPU
		{E3074EAB-3B45-4F01-A8B4-9F1B48A95FCC}.Release|Any CPU.Build.0 = Release|Any CPU
	EndGlobalSection
	GlobalSection(SolutionProperties) = preSolution
		HideSolutionNode = FALSE
	EndGlobalSection
	GlobalSection(ExtensibilityGlobals) = postSolution
		SolutionGuid = {90B20F97-14B9-46AC-967C-27A0245BBD3C}
	EndGlobalSection
EndGlobal
